
Microsoft Visual Studio Solution File, Format Version 12.00
# Visual Studio Version 17
VisualStudioVersion = 17.6.33829.357
MinimumVisualStudioVersion = 10.0.40219.1
Project("{FAE04EC0-301F-11D3-BF4B-00C04F79EFBC}") = "MATEMATIK PROJESI", "MATEMATIK PROJESI\MATEMATIK PROJESI.csproj", "{0009B7B5-4C99-46A2-BF10-CF9C2D22673A}"
EndProject
Global
	GlobalSection(SolutionConfigurationPlatforms) = preSolution
		Debug|Any CPU = Debug|Any CPU
		Release|Any CPU = Release|Any CPU
	EndGlobalSection
	GlobalSection(ProjectConfigurationPlatforms) = postSolution
		{0009B7B5-4C99-46A2-BF10-CF9C2D22673A}.Debug|Any CPU.ActiveCfg = Debug|Any CPU
		{0009B7B5-4C99-46A2-BF10-CF9C2D22673A}.Debug|Any CPU.Build.0 = Debug|Any CPU
		{0009B7B5-4C99-46A2-BF10-CF9C2D22673A}.Release|Any CPU.ActiveCfg = Release|Any CPU
		{0009B7B5-4C99-46A2-BF10-CF9C2D22673A}.Release|Any CPU.Build.0 = Release|Any CPU
	EndGlobalSection
	GlobalSection(SolutionProperties) = preSolution
		HideSolutionNode = FALSE
	EndGlobalSection
	GlobalSection(ExtensibilityGlobals) = postSolution
		SolutionGuid = {A312B586-B91C-4B09-87FF-E057F5114F12}
	EndGlobalSection
EndGlobal
